{
  "version": 4,
  "terraform_version": "1.12.2",
  "serial": 5,
  "lineage": "3db66178-fc26-0549-7fb8-02ddeac14ac5",
  "outputs": {
    "bucket_url": {
      "value": "https://storage.googleapis.com/demo-bucket-8ab7231d",
      "type": "string"
    }
  },
  "resources": [
    {
      "mode": "managed",
      "type": "random_id",
      "name": "bucket_suffix",
      "provider": "provider[\"registry.terraform.io/hashicorp/random\"]",
      "instances": [
        {
          "schema_version": 0,
          "attributes": {
            "b64_std": "ircjHQ==",
            "b64_url": "ircjHQ",
            "byte_length": 4,
            "dec": "2327257885",
            "hex": "8ab7231d",
            "id": "ircjHQ",
            "keepers": null,
            "prefix": null
          },
          "sensitive_attributes": [],
          "identity_schema_version": 0
        }
      ]
    }
  ],
  "check_results": null
}
